// !$*UTF8*$!
{
	archiveVersion = 1;
	classes = {
	};
	objectVersion = 55;
	objects = {

/* Begin PBXBuildFile section */
		52D6562927CA4D5A00B142EB /* NewsAppSwiftUIApp.swift in Sources */ = {isa = PBXBuildFile; fileRef = 52D6562827CA4D5A00B142EB /* NewsAppSwiftUIApp.swift */; };
		52D6562B27CA4D5A00B142EB /* ContentView.swift in Sources */ = {isa = PBXBuildFile; fileRef = 52D6562A27CA4D5A00B142EB /* ContentView.swift */; };
		52D6562D27CA4D5C00B142EB /* Assets.xcassets in Resources */ = {isa = PBXBuildFile; fileRef = 52D6562C27CA4D5C00B142EB /* Assets.xcassets */; };
		52D6563027CA4D5C00B142EB /* Preview Assets.xcassets in Resources */ = {isa = PBXBuildFile; fileRef = 52D6562F27CA4D5C00B142EB /* Preview Assets.xcassets */; };
		52D6563927CA4DDB00B142EB /* NetworkManager.swift in Sources */ = {isa = PBXBuildFile; fileRef = 52D6563827CA4DDB00B142EB /* NetworkManager.swift */; };
		52D6563C27CA4E0F00B142EB /* ArticlesModel.swift in Sources */ = {isa = PBXBuildFile; fileRef = 52D6563B27CA4E0F00B142EB /* ArticlesModel.swift */; };
		52D6563F27CA4E3D00B142EB /* NewsHomeView.swift in Sources */ = {isa = PBXBuildFile; fileRef = 52D6563E27CA4E3D00B142EB /* NewsHomeView.swift */; };
		52D6564127CA4E5400B142EB /* NewsDetailView.swift in Sources */ = {isa = PBXBuildFile; fileRef = 52D6564027CA4E5400B142EB /* NewsDetailView.swift */; };
		52D6564327CA4E6B00B142EB /* NewsImageView.swift in Sources */ = {isa = PBXBuildFile; fileRef = 52D6564227CA4E6B00B142EB /* NewsImageView.swift */; };
		52D6564527CA4E8D00B142EB /* NewsCell.swift in Sources */ = {isa = PBXBuildFile; fileRef = 52D6564427CA4E8D00B142EB /* NewsCell.swift */; };
		52D6564827CA4EAD00B142EB /* NewsViewModel.swift in Sources */ = {isa = PBXBuildFile; fileRef = 52D6564727CA4EAD00B142EB /* NewsViewModel.swift */; };
		52D6564B27CA4F2300B142EB /* SDWebImageSwiftUI in Frameworks */ = {isa = PBXBuildFile; productRef = 52D6564A27CA4F2300B142EB /* SDWebImageSwiftUI */; };
		52D6564D27CA4F3D00B142EB /* Constants.swift in Sources */ = {isa = PBXBuildFile; fileRef = 52D6564C27CA4F3D00B142EB /* Constants.swift */; };
		52D6564F27CA4F5C00B142EB /* Styles.swift in Sources */ = {isa = PBXBuildFile; fileRef = 52D6564E27CA4F5C00B142EB /* Styles.swift */; };
/* End PBXBuildFile section */

/* Begin PBXFileReference section */
		52D6562527CA4D5A00B142EB /* NewsAppSwiftUI.app */ = {isa = PBXFileReference; explicitFileType = wrapper.application; includeInIndex = 0; path = NewsAppSwiftUI.app; sourceTree = BUILT_PRODUCTS_DIR; };
		52D6562827CA4D5A00B142EB /* NewsAppSwiftUIApp.swift */ = {isa = PBXFileReference; lastKnownFileType = sourcecode.swift; path = NewsAppSwiftUIApp.swift; sourceTree = "<group>"; };
		52D6562A27CA4D5A00B142EB /* ContentView.swift */ = {isa = PBXFileReference; lastKnownFileType = sourcecode.swift; path = ContentView.swift; sourceTree = "<group>"; };
		52D6562C27CA4D5C00B142EB /* Assets.xcassets */ = {isa = PBXFileReference; lastKnownFileType = folder.assetcatalog; path = Assets.xcassets; sourceTree = "<group>"; };
		52D6562F27CA4D5C00B142EB /* Preview Assets.xcassets */ = {isa = PBXFileReference; lastKnownFileType = folder.assetcatalog; path = "Preview Assets.xcassets"; sourceTree = "<group>"; };
		52D6563827CA4DDB00B142EB /* NetworkManager.swift */ = {isa = PBXFileReference; lastKnownFileType = sourcecode.swift; path = NetworkManager.swift; sourceTree = "<group>"; };
		52D6563B27CA4E0F00B142EB /* ArticlesModel.swift */ = {isa = PBXFileReference; lastKnownFileType = sourcecode.swift; path = ArticlesModel.swift; sourceTree = "<group>"; };
		52D6563E27CA4E3D00B142EB /* NewsHomeView.swift */ = {isa = PBXFileReference; lastKnownFileType = sourcecode.swift; path = NewsHomeView.swift; sourceTree = "<group>"; };
		52D6564027CA4E5400B142EB /* NewsDetailView.swift */ = {isa = PBXFileReference; lastKnownFileType = sourcecode.swift; path = NewsDetailView.swift; sourceTree = "<group>"; };
		52D6564227CA4E6B00B142EB /* NewsImageView.swift */ = {isa = PBXFileReference; lastKnownFileType = sourcecode.swift; path = NewsImageView.swift; sourceTree = "<group>"; };
		52D6564427CA4E8D00B142EB /* NewsCell.swift */ = {isa = PBXFileReference; lastKnownFileType = sourcecode.swift; path = NewsCell.swift; sourceTree = "<group>"; };
		52D6564727CA4EAD00B142EB /* NewsViewModel.swift */ = {isa = PBXFileReference; lastKnownFileType = sourcecode.swift; path = NewsViewModel.swift; sourceTree = "<group>"; };
		52D6564C27CA4F3D00B142EB /* Constants.swift */ = {isa = PBXFileReference; lastKnownFileType = sourcecode.swift; path = Constants.swift; sourceTree = "<group>"; };
		52D6564E27CA4F5C00B142EB /* Styles.swift */ = {isa = PBXFileReference; lastKnownFileType = sourcecode.swift; path = Styles.swift; sourceTree = "<group>"; };
/* End PBXFileReference section */

/* Begin PBXFrameworksBuildPhase section */
		52D6562227CA4D5A00B142EB /* Frameworks */ = {
			isa = PBXFrameworksBuildPhase;
			buildActionMask = 2147483647;
			files = (
				52D6564B27CA4F2300B142EB /* SDWebImageSwiftUI in Frameworks */,
			);
			runOnlyForDeploymentPostprocessing = 0;
		};
/* End PBXFrameworksBuildPhase section */

/* Begin PBXGroup section */
		52D6561C27CA4D5A00B142EB = {
			isa = PBXGroup;
			children = (
				52D6562727CA4D5A00B142EB /* NewsAppSwiftUI */,
				52D6562627CA4D5A00B142EB /* Products */,
			);
			sourceTree = "<group>";
		};
		52D6562627CA4D5A00B142EB /* Products */ = {
			isa = PBXGroup;
			children = (
				52D6562527CA4D5A00B142EB /* NewsAppSwiftUI.app */,
			);
			name = Products;
			sourceTree = "<group>";
		};
		52D6562727CA4D5A00B142EB /* NewsAppSwiftUI */ = {
			isa = PBXGroup;
			children = (
				52D6563627CA4D7300B142EB /* Moduls */,
				52D6562827CA4D5A00B142EB /* NewsAppSwiftUIApp.swift */,
				52D6562A27CA4D5A00B142EB /* ContentView.swift */,
				52D6564C27CA4F3D00B142EB /* Constants.swift */,
				52D6564E27CA4F5C00B142EB /* Styles.swift */,
				52D6562C27CA4D5C00B142EB /* Assets.xcassets */,
				52D6562E27CA4D5C00B142EB /* Preview Content */,
			);
			path = NewsAppSwiftUI;
			sourceTree = "<group>";
		};
		52D6562E27CA4D5C00B142EB /* Preview Content */ = {
			isa = PBXGroup;
			children = (
				52D6562F27CA4D5C00B142EB /* Preview Assets.xcassets */,
			);
			path = "Preview Content";
			sourceTree = "<group>";
		};
		52D6563627CA4D7300B142EB /* Moduls */ = {
			isa = PBXGroup;
			children = (
				52D6563727CA4D7D00B142EB /* Main */,
			);
			path = Moduls;
			sourceTree = "<group>";
		};
		52D6563727CA4D7D00B142EB /* Main */ = {
			isa = PBXGroup;
			children = (
				52D6565027CA4FB500B142EB /* Services */,
				52D6563A27CA4DF200B142EB /* Model */,
				52D6563D27CA4E2800B142EB /* View */,
				52D6564627CA4EA300B142EB /* ViewModel */,
			);
			path = Main;
			sourceTree = "<group>";
		};
		52D6563A27CA4DF200B142EB /* Model */ = {
			isa = PBXGroup;
			children = (
				52D6563B27CA4E0F00B142EB /* ArticlesModel.swift */,
			);
			path = Model;
			sourceTree = "<group>";
		};
		52D6563D27CA4E2800B142EB /* View */ = {
			isa = PBXGroup;
			children = (
				52D6563E27CA4E3D00B142EB /* NewsHomeView.swift */,
				52D6564027CA4E5400B142EB /* NewsDetailView.swift */,
				52D6564227CA4E6B00B142EB /* NewsImageView.swift */,
				52D6564427CA4E8D00B142EB /* NewsCell.swift */,
			);
			path = View;
			sourceTree = "<group>";
		};
		52D6564627CA4EA300B142EB /* ViewModel */ = {
			isa = PBXGroup;
			children = (
				52D6564727CA4EAD00B142EB /* NewsViewModel.swift */,
			);
			path = ViewModel;
			sourceTree = "<group>";
		};
		52D6565027CA4FB500B142EB /* Services */ = {
			isa = PBXGroup;
			children = (
				52D6563827CA4DDB00B142EB /* NetworkManager.swift */,
			);
			path = Services;
			sourceTree = "<group>";
		};
/* End PBXGroup section */

/* Begin PBXNativeTarget section */
		52D6562427CA4D5A00B142EB /* NewsAppSwiftUI */ = {
			isa = PBXNativeTarget;
			buildConfigurationList = 52D6563327CA4D5C00B142EB /* Build configuration list for PBXNativeTarget "NewsAppSwiftUI" */;
			buildPhases = (
				52D6562127CA4D5A00B142EB /* Sources */,
				52D6562227CA4D5A00B142EB /* Frameworks */,
				52D6562327CA4D5A00B142EB /* Resources */,
			);
			buildRules = (
			);
			dependencies = (
			);
			name = NewsAppSwiftUI;
			packageProductDependencies = (
				52D6564A27CA4F2300B142EB /* SDWebImageSwiftUI */,
			);
			productName = NewsAppSwiftUI;
			productReference = 52D6562527CA4D5A00B142EB /* NewsAppSwiftUI.app */;
			productType = "com.apple.product-type.application";
		};
/* End PBXNativeTarget section */

/* Begin PBXProject section */
		52D6561D27CA4D5A00B142EB /* Project object */ = {
			isa = PBXProject;
			attributes = {
				BuildIndependentTargetsInParallel = 1;
				LastSwiftUpdateCheck = 1320;
				LastUpgradeCheck = 1320;
				TargetAttributes = {
					52D6562427CA4D5A00B142EB = {
						CreatedOnToolsVersion = 13.2.1;
					};
				};
			};
			buildConfigurationList = 52D6562027CA4D5A00B142EB /* Build configuration list for PBXProject "NewsAppSwiftUI" */;
			compatibilityVersion = "Xcode 13.0";
			developmentRegion = en;
			hasScannedForEncodings = 0;
			knownRegions = (
				en,
				Base,
			);
			mainGroup = 52D6561C27CA4D5A00B142EB;
			packageReferences = (
				52D6564927CA4F2300B142EB /* XCRemoteSwiftPackageReference "SDWebImageSwiftUI" */,
			);
			productRefGroup = 52D6562627CA4D5A00B142EB /* Products */;
			projectDirPath = "";
			projectRoot = "";
			targets = (
				52D6562427CA4D5A00B142EB /* NewsAppSwiftUI */,
			);
		};
/* End PBXProject section */

/* Begin PBXResourcesBuildPhase section */
		52D6562327CA4D5A00B142EB /* Resources */ = {
			isa = PBXResourcesBuildPhase;
			buildActionMask = 2147483647;
			files = (
				52D6563027CA4D5C00B142EB /* Preview Assets.xcassets in Resources */,
				52D6562D27CA4D5C00B142EB /* Assets.xcassets in Resources */,
			);
			runOnlyForDeploymentPostprocessing = 0;
		};
/* End PBXResourcesBuildPhase section */

/* Begin PBXSourcesBuildPhase section */
		52D6562127CA4D5A00B142EB /* Sources */ = {
			isa = PBXSourcesBuildPhase;
			buildActionMask = 2147483647;
			files = (
				52D6564F27CA4F5C00B142EB /* Styles.swift in Sources */,
				52D6563927CA4DDB00B142EB /* NetworkManager.swift in Sources */,
				52D6564827CA4EAD00B142EB /* NewsViewModel.swift in Sources */,
				52D6563F27CA4E3D00B142EB /* NewsHomeView.swift in Sources */,
				52D6562B27CA4D5A00B142EB /* ContentView.swift in Sources */,
				52D6563C27CA4E0F00B142EB /* ArticlesModel.swift in Sources */,
				52D6564D27CA4F3D00B142EB /* Constants.swift in Sources */,
				52D6564127CA4E5400B142EB /* NewsDetailView.swift in Sources */,
				52D6564327CA4E6B00B142EB /* NewsImageView.swift in Sources */,
				52D6564527CA4E8D00B142EB /* NewsCell.swift in Sources */,
				52D6562927CA4D5A00B142EB /* NewsAppSwiftUIApp.swift in Sources */,
			);
			runOnlyForDeploymentPostprocessing = 0;
		};
/* End PBXSourcesBuildPhase section */

/* Begin XCBuildConfiguration section */
		52D6563127CA4D5C00B142EB /* Debug */ = {
			isa = XCBuildConfiguration;
			buildSettings = {
				ALWAYS_SEARCH_USER_PATHS = NO;
				CLANG_ANALYZER_NONNULL = YES;
				CLANG_ANALYZER_NUMBER_OBJECT_CONVERSION = YES_AGGRESSIVE;
				CLANG_CXX_LANGUAGE_STANDARD = "gnu++17";
				CLANG_CXX_LIBRARY = "libc++";
				CLANG_ENABLE_MODULES = YES;
				CLANG_ENABLE_OBJC_ARC = YES;
				CLANG_ENABLE_OBJC_WEAK = YES;
				CLANG_WARN_BLOCK_CAPTURE_AUTORELEASING = YES;
				CLANG_WARN_BOOL_CONVERSION = YES;
				CLANG_WARN_COMMA = YES;
				CLANG_WARN_CONSTANT_CONVERSION = YES;
				CLANG_WARN_DEPRECATED_OBJC_IMPLEMENTATIONS = YES;
				CLANG_WARN_DIRECT_OBJC_ISA_USAGE = YES_ERROR;
				CLANG_WARN_DOCUMENTATION_COMMENTS = YES;
				CLANG_WARN_EMPTY_BODY = YES;
				CLANG_WARN_ENUM_CONVERSION = YES;
				CLANG_WARN_INFINITE_RECURSION = YES;
				CLANG_WARN_INT_CONVERSION = YES;
				CLANG_WARN_NON_LITERAL_NULL_CONVERSION = YES;
				CLANG_WARN_OBJC_IMPLICIT_RETAIN_SELF = YES;
				CLANG_WARN_OBJC_LITERAL_CONVERSION = YES;
				CLANG_WARN_OBJC_ROOT_CLASS = YES_ERROR;
				CLANG_WARN_QUOTED_INCLUDE_IN_FRAMEWORK_HEADER = YES;
				CLANG_WARN_RANGE_LOOP_ANALYSIS = YES;
				CLANG_WARN_STRICT_PROTOTYPES = YES;
				CLANG_WARN_SUSPICIOUS_MOVE = YES;
				CLANG_WARN_UNGUARDED_AVAILABILITY = YES_AGGRESSIVE;
				CLANG_WARN_UNREACHABLE_CODE = YES;
				CLANG_WARN__DUPLICATE_METHOD_MATCH = YES;
				COPY_PHASE_STRIP = NO;
				DEBUG_INFORMATION_FORMAT = dwarf;
				ENABLE_STRICT_OBJC_MSGSEND = YES;
				ENABLE_TESTABILITY = YES;
				GCC_C_LANGUAGE_STANDARD = gnu11;
				GCC_DYNAMIC_NO_PIC = NO;
				GCC_NO_COMMON_BLOCKS = YES;
				GCC_OPTIMIZATION_LEVEL = 0;
				GCC_PREPROCESSOR_DEFINITIONS = (
					"DEBUG=1",
					"$(inherited)",
				);
				GCC_WARN_64_TO_32_BIT_CONVERSION = YES;
				GCC_WARN_ABOUT_RETURN_TYPE = YES_ERROR;
				GCC_WARN_UNDECLARED_SELECTOR = YES;
				GCC_WARN_UNINITIALIZED_AUTOS = YES_AGGRESSIVE;
				GCC_WARN_UNUSED_FUNCTION = YES;
				GCC_WARN_UNUSED_VARIABLE = YES;
				IPHONEOS_DEPLOYMENT_TARGET = 15.2;
				MTL_ENABLE_DEBUG_INFO = INCLUDE_SOURCE;
				MTL_FAST_MATH = YES;
				ONLY_ACTIVE_ARCH = YES;
				SDKROOT = iphoneos;
				SWIFT_ACTIVE_COMPILATION_CONDITIONS = DEBUG;
				SWIFT_OPTIMIZATION_LEVEL = "-Onone";
			};
			name = Debug;
		};
		52D6563227CA4D5C00B142EB /* Release */ = {
			isa = XCBuildConfiguration;
			buildSettings = {
				ALWAYS_SEARCH_USER_PATHS = NO;
				CLANG_ANALYZER_NONNULL = YES;
				CLANG_ANALYZER_NUMBER_OBJECT_CONVERSION = YES_AGGRESSIVE;
				CLANG_CXX_LANGUAGE_STANDARD = "gnu++17";
				CLANG_CXX_LIBRARY = "libc++";
				CLANG_ENABLE_MODULES = YES;
				CLANG_ENABLE_OBJC_ARC = YES;
				CLANG_ENABLE_OBJC_WEAK = YES;
				CLANG_WARN_BLOCK_CAPTURE_AUTORELEASING = YES;
				CLANG_WARN_BOOL_CONVERSION = YES;
				CLANG_WARN_COMMA = YES;
				CLANG_WARN_CONSTANT_CONVERSION = YES;
				CLANG_WARN_DEPRECATED_OBJC_IMPLEMENTATIONS = YES;
				CLANG_WARN_DIRECT_OBJC_ISA_USAGE = YES_ERROR;
				CLANG_WARN_DOCUMENTATION_COMMENTS = YES;
				CLANG_WARN_EMPTY_BODY = YES;
				CLANG_WARN_ENUM_CONVERSION = YES;
				CLANG_WARN_INFINITE_RECURSION = YES;
				CLANG_WARN_INT_CONVERSION = YES;
				CLANG_WARN_NON_LITERAL_NULL_CONVERSION = YES;
				CLANG_WARN_OBJC_IMPLICIT_RETAIN_SELF = YES;
				CLANG_WARN_OBJC_LITERAL_CONVERSION = YES;
				CLANG_WARN_OBJC_ROOT_CLASS = YES_ERROR;
				CLANG_WARN_QUOTED_INCLUDE_IN_FRAMEWORK_HEADER = YES;
				CLANG_WARN_RANGE_LOOP_ANALYSIS = YES;
				CLANG_WARN_STRICT_PROTOTYPES = YES;
				CLANG_WARN_SUSPICIOUS_MOVE = YES;
				CLANG_WARN_UNGUARDED_AVAILABILITY = YES_AGGRESSIVE;
				CLANG_WARN_UNREACHABLE_CODE = YES;
				CLANG_WARN__DUPLICATE_METHOD_MATCH = YES;
				COPY_PHASE_STRIP = NO;
				DEBUG_INFORMATION_FORMAT = "dwarf-with-dsym";
				ENABLE_NS_ASSERTIONS = NO;
				ENABLE_STRICT_OBJC_MSGSEND = YES;
				GCC_C_LANGUAGE_STANDARD = gnu11;
				GCC_NO_COMMON_BLOCKS = YES;
				GCC_WARN_64_TO_32_BIT_CONVERSION = YES;
				GCC_WARN_ABOUT_RETURN_TYPE = YES_ERROR;
				GCC_WARN_UNDECLARED_SELECTOR = YES;
				GCC_WARN_UNINITIALIZED_AUTOS = YES_AGGRESSIVE;
				GCC_WARN_UNUSED_FUNCTION = YES;
				GCC_WARN_UNUSED_VARIABLE = YES;
				IPHONEOS_DEPLOYMENT_TARGET = 15.2;
				MTL_ENABLE_DEBUG_INFO = NO;
				MTL_FAST_MATH = YES;
				SDKROOT = iphoneos;
				SWIFT_COMPILATION_MODE = wholemodule;
				SWIFT_OPTIMIZATION_LEVEL = "-O";
				VALIDATE_PRODUCT = YES;
			};
			name = Release;
		};
		52D6563427CA4D5C00B142EB /* Debug */ = {
			isa = XCBuildConfiguration;
			buildSettings = {
				ASSETCATALOG_COMPILER_APPICON_NAME = AppIcon;
				ASSETCATALOG_COMPILER_GLOBAL_ACCENT_COLOR_NAME = AccentColor;
				CODE_SIGN_STYLE = Automatic;
				CURRENT_PROJECT_VERSION = 1;
				DEVELOPMENT_ASSET_PATHS = "\"NewsAppSwiftUI/Preview Content\"";
				DEVELOPMENT_TEAM = Q48726KS4H;
				ENABLE_PREVIEWS = YES;
				GENERATE_INFOPLIST_FILE = YES;
				INFOPLIST_KEY_UIApplicationSceneManifest_Generation = YES;
				INFOPLIST_KEY_UIApplicationSupportsIndirectInputEvents = YES;
				INFOPLIST_KEY_UILaunchScreen_Generation = YES;
				INFOPLIST_KEY_UISupportedInterfaceOrientations_iPad = "UIInterfaceOrientationPortrait UIInterfaceOrientationPortraitUpsideDown UIInterfaceOrientationLandscapeLeft UIInterfaceOrientationLandscapeRight";
				INFOPLIST_KEY_UISupportedInterfaceOrientations_iPhone = "UIInterfaceOrientationPortrait UIInterfaceOrientationLandscapeLeft UIInterfaceOrientationLandscapeRight";
				LD_RUNPATH_SEARCH_PATHS = (
					"$(inherited)",
					"@executable_path/Frameworks",
				);
				MARKETING_VERSION = 1.0;
				PRODUCT_BUNDLE_IDENTIFIER = noname.NewsAppSwiftUI;
				PRODUCT_NAME = "$(TARGET_NAME)";
				SWIFT_EMIT_LOC_STRINGS = YES;
				SWIFT_VERSION = 5.0;
				TARGETED_DEVICE_FAMILY = "1,2";
			};
			name = Debug;
		};
		52D6563527CA4D5C00B142EB /* Release */ = {
			isa = XCBuildConfiguration;
			buildSettings = {
				ASSETCATALOG_COMPILER_APPICON_NAME = AppIcon;
				ASSETCATALOG_COMPILER_GLOBAL_ACCENT_COLOR_NAME = AccentColor;
				CODE_SIGN_STYLE = Automatic;
				CURRENT_PROJECT_VERSION = 1;
				DEVELOPMENT_ASSET_PATHS = "\"NewsAppSwiftUI/Preview Content\"";
				DEVELOPMENT_TEAM = Q48726KS4H;
				ENABLE_PREVIEWS = YES;
				GENERATE_INFOPLIST_FILE = YES;
				INFOPLIST_KEY_UIApplicationSceneManifest_Generation = YES;
				INFOPLIST_KEY_UIApplicationSupportsIndirectInputEvents = YES;
				INFOPLIST_KEY_UILaunchScreen_Generation = YES;
				INFOPLIST_KEY_UISupportedInterfaceOrientations_iPad = "UIInterfaceOrientationPortrait UIInterfaceOrientationPortraitUpsideDown UIInterfaceOrientationLandscapeLeft UIInterfaceOrientationLandscapeRight";
				INFOPLIST_KEY_UISupportedInterfaceOrientations_iPhone = "UIInterfaceOrientationPortrait UIInterfaceOrientationLandscapeLeft UIInterfaceOrientationLandscapeRight";
				LD_RUNPATH_SEARCH_PATHS = (
					"$(inherited)",
					"@executable_path/Frameworks",
				);
				MARKETING_VERSION = 1.0;
				PRODUCT_BUNDLE_IDENTIFIER = noname.NewsAppSwiftUI;
				PRODUCT_NAME = "$(TARGET_NAME)";
				SWIFT_EMIT_LOC_STRINGS = YES;
				SWIFT_VERSION = 5.0;
				TARGETED_DEVICE_FAMILY = "1,2";
			};
			name = Release;
		};
/* End XCBuildConfiguration section */

/* Begin XCConfigurationList section */
		52D6562027CA4D5A00B142EB /* Build configuration list for PBXProject "NewsAppSwiftUI" */ = {
			isa = XCConfigurationList;
			buildConfigurations = (
				52D6563127CA4D5C00B142EB /* Debug */,
				52D6563227CA4D5C00B142EB /* Release */,
			);
			defaultConfigurationIsVisible = 0;
			defaultConfigurationName = Release;
		};
		52D6563327CA4D5C00B142EB /* Build configuration list for PBXNativeTarget "NewsAppSwiftUI" */ = {
			isa = XCConfigurationList;
			buildConfigurations = (
				52D6563427CA4D5C00B142EB /* Debug */,
				52D6563527CA4D5C00B142EB /* Release */,
			);
			defaultConfigurationIsVisible = 0;
			defaultConfigurationName = Release;
		};
/* End XCConfigurationList section */

/* Begin XCRemoteSwiftPackageReference section */
		52D6564927CA4F2300B142EB /* XCRemoteSwiftPackageReference "SDWebImageSwiftUI" */ = {
			isa = XCRemoteSwiftPackageReference;
			repositoryURL = "https://github.com/SDWebImage/SDWebImageSwiftUI.git";
			requirement = {
				branch = master;
				kind = branch;
			};
		};
/* End XCRemoteSwiftPackageReference section */

/* Begin XCSwiftPackageProductDependency section */
		52D6564A27CA4F2300B142EB /* SDWebImageSwiftUI */ = {
			isa = XCSwiftPackageProductDependency;
			package = 52D6564927CA4F2300B142EB /* XCRemoteSwiftPackageReference "SDWebImageSwiftUI" */;
			productName = SDWebImageSwiftUI;
		};
/* End XCSwiftPackageProductDependency section */
	};
	rootObject = 52D6561D27CA4D5A00B142EB /* Project object */;
}
